
Microsoft Visual Studio Solution File, Format Version 12.00
# Visual Studio Version 17
VisualStudioVersion = 17.6.33815.320
MinimumVisualStudioVersion = 10.0.40219.1
Project("{FAE04EC0-301F-11D3-BF4B-00C04F79EFBC}") = "FoECalculator", "FoECalculator.csproj", "{8F6450B8-F215-4A8F-AC97-8A0DFE3AB244}"
EndProject
Global
	GlobalSection(SolutionConfigurationPlatforms) = preSolution
		Debug|Any CPU = Debug|Any CPU
		Release|Any CPU = Release|Any CPU
	EndGlobalSection
	GlobalSection(ProjectConfigurationPlatforms) = postSolution
		{8F6450B8-F215-4A8F-AC97-8A0DFE3AB244}.Debug|Any CPU.ActiveCfg = Debug|Any CPU
		{8F6450B8-F215-4A8F-AC97-8A0DFE3AB244}.Debug|Any CPU.Build.0 = Debug|Any CPU
		{8F6450B8-F215-4A8F-AC97-8A0DFE3AB244}.Release|Any CPU.ActiveCfg = Release|Any CPU
		{8F6450B8-F215-4A8F-AC97-8A0DFE3AB244}.Release|Any CPU.Build.0 = Release|Any CPU
	EndGlobalSection
	GlobalSection(SolutionProperties) = preSolution
		HideSolutionNode = FALSE
	EndGlobalSection
	GlobalSection(ExtensibilityGlobals) = postSolution
		SolutionGuid = {AA662846-7C17-41DB-8312-B3E24A3CE173}
	EndGlobalSection
EndGlobal
